
Microsoft Visual Studio Solution File, Format Version 12.00
# Visual Studio Version 17
VisualStudioVersion = 17.4.33213.308
MinimumVisualStudioVersion = 10.0.40219.1
Project("{9A19103F-16F7-4668-BE54-9A1E7A4F7556}") = "Entities", "Entities\Entities.csproj", "{3D71DA55-46FB-49B9-848A-FD3E0BE1379C}"
EndProject
Project("{9A19103F-16F7-4668-BE54-9A1E7A4F7556}") = "DataAccess", "DataAccess\DataAccess.csproj", "{B8A2A485-8189-4903-A2B1-347DB3CA32E4}"
EndProject
Project("{9A19103F-16F7-4668-BE54-9A1E7A4F7556}") = "Business", "Business\Business.csproj", "{35826768-3DB7-4E89-9203-641C815AADA9}"
EndProject
Project("{9A19103F-16F7-4668-BE54-9A1E7A4F7556}") = "ConsoleUI", "ConsoleUI\ConsoleUI.csproj", "{FBA3535A-31F2-43A3-95AF-7FD31BA79631}"
EndProject
Project("{FAE04EC0-301F-11D3-BF4B-00C04F79EFBC}") = "Core", "Core\Core.csproj", "{F0E6BA9E-5959-4B5F-A79E-7284DAD66D3C}"
EndProject
Global
	GlobalSection(SolutionConfigurationPlatforms) = preSolution
		Debug|Any CPU = Debug|Any CPU
		Release|Any CPU = Release|Any CPU
	EndGlobalSection
	GlobalSection(ProjectConfigurationPlatforms) = postSolution
		{3D71DA55-46FB-49B9-848A-FD3E0BE1379C}.Debug|Any CPU.ActiveCfg = Debug|Any CPU
		{3D71DA55-46FB-49B9-848A-FD3E0BE1379C}.Debug|Any CPU.Build.0 = Debug|Any CPU
		{3D71DA55-46FB-49B9-848A-FD3E0BE1379C}.Release|Any CPU.ActiveCfg = Release|Any CPU
		{3D71DA55-46FB-49B9-848A-FD3E0BE1379C}.Release|Any CPU.Build.0 = Release|Any CPU
		{B8A2A485-8189-4903-A2B1-347DB3CA32E4}.Debug|Any CPU.ActiveCfg = Debug|Any CPU
		{B8A2A485-8189-4903-A2B1-347DB3CA32E4}.Debug|Any CPU.Build.0 = Debug|Any CPU
		{B8A2A485-8189-4903-A2B1-347DB3CA32E4}.Release|Any CPU.ActiveCfg = Release|Any CPU
		{B8A2A485-8189-4903-A2B1-347DB3CA32E4}.Release|Any CPU.Build.0 = Release|Any CPU
		{35826768-3DB7-4E89-9203-641C815AADA9}.Debug|Any CPU.ActiveCfg = Debug|Any CPU
		{35826768-3DB7-4E89-9203-641C815AADA9}.Debug|Any CPU.Build.0 = Debug|Any CPU
		{35826768-3DB7-4E89-9203-641C815AADA9}.Release|Any CPU.ActiveCfg = Release|Any CPU
		{35826768-3DB7-4E89-9203-641C815AADA9}.Release|Any CPU.Build.0 = Release|Any CPU
		{FBA3535A-31F2-43A3-95AF-7FD31BA79631}.Debug|Any CPU.ActiveCfg = Debug|Any CPU
		{FBA3535A-31F2-43A3-95AF-7FD31BA79631}.Debug|Any CPU.Build.0 = Debug|Any CPU
		{FBA3535A-31F2-43A3-95AF-7FD31BA79631}.Release|Any CPU.ActiveCfg = Release|Any CPU
		{FBA3535A-31F2-43A3-95AF-7FD31BA79631}.Release|Any CPU.Build.0 = Release|Any CPU
		{F0E6BA9E-5959-4B5F-A79E-7284DAD66D3C}.Debug|Any CPU.ActiveCfg = Debug|Any CPU
		{F0E6BA9E-5959-4B5F-A79E-7284DAD66D3C}.Debug|Any CPU.Build.0 = Debug|Any CPU
		{F0E6BA9E-5959-4B5F-A79E-7284DAD66D3C}.Release|Any CPU.ActiveCfg = Release|Any CPU
		{F0E6BA9E-5959-4B5F-A79E-7284DAD66D3C}.Release|Any CPU.Build.0 = Release|Any CPU
	EndGlobalSection
	GlobalSection(SolutionProperties) = preSolution
		HideSolutionNode = FALSE
	EndGlobalSection
	GlobalSection(ExtensibilityGlobals) = postSolution
		SolutionGuid = {B73D2445-5498-4F7F-A12E-9322F1EE20EE}
	EndGlobalSection
EndGlobal
